// !$*UTF8*$!
{
	archiveVersion = 1;
	classes = {
	};
	objectVersion = 46;
	objects = {

/* Begin PBXBuildFile section */
		765624CA1FA6473F007EC2DC /* AppDelegate.swift in Sources */ = {isa = PBXBuildFile; fileRef = 765624C91FA6473F007EC2DC /* AppDelegate.swift */; };
		765624CC1FA6473F007EC2DC /* ViewController.swift in Sources */ = {isa = PBXBuildFile; fileRef = 765624CB1FA6473F007EC2DC /* ViewController.swift */; };
		765624CF1FA6473F007EC2DC /* Main_iPhone.storyboard in Resources */ = {isa = PBXBuildFile; fileRef = 765624CD1FA6473F007EC2DC /* Main_iPhone.storyboard */; };
		765624D11FA6473F007EC2DC /* Assets.xcassets in Resources */ = {isa = PBXBuildFile; fileRef = 765624D01FA6473F007EC2DC /* Assets.xcassets */; };
		765624D41FA6473F007EC2DC /* LaunchScreen.storyboard in Resources */ = {isa = PBXBuildFile; fileRef = 765624D21FA6473F007EC2DC /* LaunchScreen.storyboard */; };
		765624DF1FA6473F007EC2DC /* SectionedTableViewSampleTests.swift in Sources */ = {isa = PBXBuildFile; fileRef = 765624DE1FA6473F007EC2DC /* SectionedTableViewSampleTests.swift */; };
		765624F21FA648A4007EC2DC /* Student.swift in Sources */ = {isa = PBXBuildFile; fileRef = 765624F11FA648A4007EC2DC /* Student.swift */; };
		765624F51FA64958007EC2DC /* StudentViewModel.swift in Sources */ = {isa = PBXBuildFile; fileRef = 765624F41FA64958007EC2DC /* StudentViewModel.swift */; };
		765624F81FA64B5E007EC2DC /* Extensions.swift in Sources */ = {isa = PBXBuildFile; fileRef = 765624F71FA64B5E007EC2DC /* Extensions.swift */; };
		765624FA1FA64CF4007EC2DC /* DataStoreProtocol.swift in Sources */ = {isa = PBXBuildFile; fileRef = 765624F91FA64CF4007EC2DC /* DataStoreProtocol.swift */; };
		765624FC1FA64E7B007EC2DC /* StudentDataStore.swift in Sources */ = {isa = PBXBuildFile; fileRef = 765624FB1FA64E7B007EC2DC /* StudentDataStore.swift */; };
		76B4399F1FA877B70038FE58 /* Main_iPad.storyboard in Resources */ = {isa = PBXBuildFile; fileRef = 76B4399D1FA877B70038FE58 /* Main_iPad.storyboard */; };
		76B439A21FA881C90038FE58 /* StudentTableViewCell.swift in Sources */ = {isa = PBXBuildFile; fileRef = 76B439A11FA881C90038FE58 /* StudentTableViewCell.swift */; };
		76B439A41FA883930038FE58 /* TableViewController.swift in Sources */ = {isa = PBXBuildFile; fileRef = 76B439A31FA883930038FE58 /* TableViewController.swift */; };
/* End PBXBuildFile section */

/* Begin PBXContainerItemProxy section */
		765624DB1FA6473F007EC2DC /* PBXContainerItemProxy */ = {
			isa = PBXContainerItemProxy;
			containerPortal = 765624BE1FA6473F007EC2DC /* Project object */;
			proxyType = 1;
			remoteGlobalIDString = 765624C51FA6473F007EC2DC;
			remoteInfo = SectionedTableViewSample;
		};
/* End PBXContainerItemProxy section */

/* Begin PBXFileReference section */
		765624C61FA6473F007EC2DC /* SectionedTableViewSample.app */ = {isa = PBXFileReference; explicitFileType = wrapper.application; includeInIndex = 0; path = SectionedTableViewSample.app; sourceTree = BUILT_PRODUCTS_DIR; };
		765624C91FA6473F007EC2DC /* AppDelegate.swift */ = {isa = PBXFileReference; lastKnownFileType = sourcecode.swift; path = AppDelegate.swift; sourceTree = "<group>"; };
		765624CB1FA6473F007EC2DC /* ViewController.swift */ = {isa = PBXFileReference; lastKnownFileType = sourcecode.swift; path = ViewController.swift; sourceTree = "<group>"; };
		765624CE1FA6473F007EC2DC /* Base */ = {isa = PBXFileReference; lastKnownFileType = file.storyboard; name = Base; path = Base.lproj/Main_iPhone.storyboard; sourceTree = "<group>"; };
		765624D01FA6473F007EC2DC /* Assets.xcassets */ = {isa = PBXFileReference; lastKnownFileType = folder.assetcatalog; path = Assets.xcassets; sourceTree = "<group>"; };
		765624D31FA6473F007EC2DC /* Base */ = {isa = PBXFileReference; lastKnownFileType = file.storyboard; name = Base; path = Base.lproj/LaunchScreen.storyboard; sourceTree = "<group>"; };
		765624D51FA6473F007EC2DC /* Info.plist */ = {isa = PBXFileReference; lastKnownFileType = text.plist.xml; path = Info.plist; sourceTree = "<group>"; };
		765624DA1FA6473F007EC2DC /* SectionedTableViewSampleTests.xctest */ = {isa = PBXFileReference; explicitFileType = wrapper.cfbundle; includeInIndex = 0; path = SectionedTableViewSampleTests.xctest; sourceTree = BUILT_PRODUCTS_DIR; };
		765624DE1FA6473F007EC2DC /* SectionedTableViewSampleTests.swift */ = {isa = PBXFileReference; lastKnownFileType = sourcecode.swift; path = SectionedTableViewSampleTests.swift; sourceTree = "<group>"; };
		765624E01FA6473F007EC2DC /* Info.plist */ = {isa = PBXFileReference; lastKnownFileType = text.plist.xml; path = Info.plist; sourceTree = "<group>"; };
		765624F11FA648A4007EC2DC /* Student.swift */ = {isa = PBXFileReference; fileEncoding = 4; lastKnownFileType = sourcecode.swift; path = Student.swift; sourceTree = "<group>"; };
		765624F41FA64958007EC2DC /* StudentViewModel.swift */ = {isa = PBXFileReference; fileEncoding = 4; lastKnownFileType = sourcecode.swift; path = StudentViewModel.swift; sourceTree = "<group>"; };
		765624F71FA64B5E007EC2DC /* Extensions.swift */ = {isa = PBXFileReference; fileEncoding = 4; lastKnownFileType = sourcecode.swift; path = Extensions.swift; sourceTree = "<group>"; };
		765624F91FA64CF4007EC2DC /* DataStoreProtocol.swift */ = {isa = PBXFileReference; fileEncoding = 4; lastKnownFileType = sourcecode.swift; path = DataStoreProtocol.swift; sourceTree = "<group>"; };
		765624FB1FA64E7B007EC2DC /* StudentDataStore.swift */ = {isa = PBXFileReference; fileEncoding = 4; lastKnownFileType = sourcecode.swift; path = StudentDataStore.swift; sourceTree = "<group>"; };
		76B4399E1FA877B70038FE58 /* Base */ = {isa = PBXFileReference; lastKnownFileType = file.storyboard; name = Base; path = Base.lproj/Main_iPad.storyboard; sourceTree = "<group>"; };
		76B439A11FA881C90038FE58 /* StudentTableViewCell.swift */ = {isa = PBXFileReference; fileEncoding = 4; lastKnownFileType = sourcecode.swift; path = StudentTableViewCell.swift; sourceTree = "<group>"; };
		76B439A31FA883930038FE58 /* TableViewController.swift */ = {isa = PBXFileReference; fileEncoding = 4; lastKnownFileType = sourcecode.swift; path = TableViewController.swift; sourceTree = "<group>"; };
/* End PBXFileReference section */

/* Begin PBXFrameworksBuildPhase section */
		765624C31FA6473F007EC2DC /* Frameworks */ = {
			isa = PBXFrameworksBuildPhase;
			buildActionMask = 2147483647;
			files = (
			);
			runOnlyForDeploymentPostprocessing = 0;
		};
		765624D71FA6473F007EC2DC /* Frameworks */ = {
			isa = PBXFrameworksBuildPhase;
			buildActionMask = 2147483647;
			files = (
			);
			runOnlyForDeploymentPostprocessing = 0;
		};
/* End PBXFrameworksBuildPhase section */

/* Begin PBXGroup section */
		765624BD1FA6473F007EC2DC = {
			isa = PBXGroup;
			children = (
				765624C81FA6473F007EC2DC /* SectionedTableViewSample */,
				765624DD1FA6473F007EC2DC /* SectionedTableViewSampleTests */,
				765624C71FA6473F007EC2DC /* Products */,
			);
			sourceTree = "<group>";
		};
		765624C71FA6473F007EC2DC /* Products */ = {
			isa = PBXGroup;
			children = (
				765624C61FA6473F007EC2DC /* SectionedTableViewSample.app */,
				765624DA1FA6473F007EC2DC /* SectionedTableViewSampleTests.xctest */,
			);
			name = Products;
			sourceTree = "<group>";
		};
		765624C81FA6473F007EC2DC /* SectionedTableViewSample */ = {
			isa = PBXGroup;
			children = (
				765624F61FA64B50007EC2DC /* Utilities */,
				765624F31FA64944007EC2DC /* ViewModel */,
				765624EE1FA64775007EC2DC /* ipad */,
				765624ED1FA6476E007EC2DC /* iphone */,
				765624EC1FA64762007EC2DC /* Protocol */,
				765624EA1FA64752007EC2DC /* DataStore */,
				765624E91FA6474B007EC2DC /* Model */,
				765624C91FA6473F007EC2DC /* AppDelegate.swift */,
				765624CB1FA6473F007EC2DC /* ViewController.swift */,
				765624CD1FA6473F007EC2DC /* Main_iPhone.storyboard */,
				76B4399D1FA877B70038FE58 /* Main_iPad.storyboard */,
				765624D01FA6473F007EC2DC /* Assets.xcassets */,
				765624D21FA6473F007EC2DC /* LaunchScreen.storyboard */,
				765624D51FA6473F007EC2DC /* Info.plist */,
				76B439A31FA883930038FE58 /* TableViewController.swift */,
			);
			path = SectionedTableViewSample;
			sourceTree = "<group>";
		};
		765624DD1FA6473F007EC2DC /* SectionedTableViewSampleTests */ = {
			isa = PBXGroup;
			children = (
				765624DE1FA6473F007EC2DC /* SectionedTableViewSampleTests.swift */,
				765624E01FA6473F007EC2DC /* Info.plist */,
			);
			path = SectionedTableViewSampleTests;
			sourceTree = "<group>";
		};
		765624E91FA6474B007EC2DC /* Model */ = {
			isa = PBXGroup;
			children = (
				765624F11FA648A4007EC2DC /* Student.swift */,
			);
			name = Model;
			sourceTree = "<group>";
		};
		765624EA1FA64752007EC2DC /* DataStore */ = {
			isa = PBXGroup;
			children = (
				765624FB1FA64E7B007EC2DC /* StudentDataStore.swift */,
			);
			name = DataStore;
			sourceTree = "<group>";
		};
		765624EC1FA64762007EC2DC /* Protocol */ = {
			isa = PBXGroup;
			children = (
				765624F91FA64CF4007EC2DC /* DataStoreProtocol.swift */,
			);
			name = Protocol;
			sourceTree = "<group>";
		};
		765624ED1FA6476E007EC2DC /* iphone */ = {
			isa = PBXGroup;
			children = (
				76B439A01FA879750038FE58 /* View */,
				765624F01FA6478B007EC2DC /* ViewControllers */,
			);
			name = iphone;
			sourceTree = "<group>";
		};
		765624EE1FA64775007EC2DC /* ipad */ = {
			isa = PBXGroup;
			children = (
				765624EF1FA6477D007EC2DC /* ViewControllers */,
			);
			name = ipad;
			sourceTree = "<group>";
		};
		765624EF1FA6477D007EC2DC /* ViewControllers */ = {
			isa = PBXGroup;
			children = (
			);
			name = ViewControllers;
			sourceTree = "<group>";
		};
		765624F01FA6478B007EC2DC /* ViewControllers */ = {
			isa = PBXGroup;
			children = (
			);
			name = ViewControllers;
			sourceTree = "<group>";
		};
		765624F31FA64944007EC2DC /* ViewModel */ = {
			isa = PBXGroup;
			children = (
				765624F41FA64958007EC2DC /* StudentViewModel.swift */,
			);
			name = ViewModel;
			sourceTree = "<group>";
		};
		765624F61FA64B50007EC2DC /* Utilities */ = {
			isa = PBXGroup;
			children = (
				765624F71FA64B5E007EC2DC /* Extensions.swift */,
			);
			name = Utilities;
			sourceTree = "<group>";
		};
		76B439A01FA879750038FE58 /* View */ = {
			isa = PBXGroup;
			children = (
				76B439A11FA881C90038FE58 /* StudentTableViewCell.swift */,
			);
			name = View;
			sourceTree = "<group>";
		};
/* End PBXGroup section */

/* Begin PBXNativeTarget section */
		765624C51FA6473F007EC2DC /* SectionedTableViewSample */ = {
			isa = PBXNativeTarget;
			buildConfigurationList = 765624E31FA6473F007EC2DC /* Build configuration list for PBXNativeTarget "SectionedTableViewSample" */;
			buildPhases = (
				765624C21FA6473F007EC2DC /* Sources */,
				765624C31FA6473F007EC2DC /* Frameworks */,
				765624C41FA6473F007EC2DC /* Resources */,
			);
			buildRules = (
			);
			dependencies = (
			);
			name = SectionedTableViewSample;
			productName = SectionedTableViewSample;
			productReference = 765624C61FA6473F007EC2DC /* SectionedTableViewSample.app */;
			productType = "com.apple.product-type.application";
		};
		765624D91FA6473F007EC2DC /* SectionedTableViewSampleTests */ = {
			isa = PBXNativeTarget;
			buildConfigurationList = 765624E61FA6473F007EC2DC /* Build configuration list for PBXNativeTarget "SectionedTableViewSampleTests" */;
			buildPhases = (
				765624D61FA6473F007EC2DC /* Sources */,
				765624D71FA6473F007EC2DC /* Frameworks */,
				765624D81FA6473F007EC2DC /* Resources */,
			);
			buildRules = (
			);
			dependencies = (
				765624DC1FA6473F007EC2DC /* PBXTargetDependency */,
			);
			name = SectionedTableViewSampleTests;
			productName = SectionedTableViewSampleTests;
			productReference = 765624DA1FA6473F007EC2DC /* SectionedTableViewSampleTests.xctest */;
			productType = "com.apple.product-type.bundle.unit-test";
		};
/* End PBXNativeTarget section */

/* Begin PBXProject section */
		765624BE1FA6473F007EC2DC /* Project object */ = {
			isa = PBXProject;
			attributes = {
				LastSwiftUpdateCheck = 0830;
				LastUpgradeCheck = 0830;
				ORGANIZATIONNAME = anoopm;
				TargetAttributes = {
					765624C51FA6473F007EC2DC = {
						CreatedOnToolsVersion = 8.3.2;
						DevelopmentTeam = 6UT7M6DT43;
						ProvisioningStyle = Automatic;
					};
					765624D91FA6473F007EC2DC = {
						CreatedOnToolsVersion = 8.3.2;
						DevelopmentTeam = 6UT7M6DT43;
						ProvisioningStyle = Automatic;
						TestTargetID = 765624C51FA6473F007EC2DC;
					};
				};
			};
			buildConfigurationList = 765624C11FA6473F007EC2DC /* Build configuration list for PBXProject "SectionedTableViewSample" */;
			compatibilityVersion = "Xcode 3.2";
			developmentRegion = English;
			hasScannedForEncodings = 0;
			knownRegions = (
				en,
				Base,
			);
			mainGroup = 765624BD1FA6473F007EC2DC;
			productRefGroup = 765624C71FA6473F007EC2DC /* Products */;
			projectDirPath = "";
			projectRoot = "";
			targets = (
				765624C51FA6473F007EC2DC /* SectionedTableViewSample */,
				765624D91FA6473F007EC2DC /* SectionedTableViewSampleTests */,
			);
		};
/* End PBXProject section */

/* Begin PBXResourcesBuildPhase section */
		765624C41FA6473F007EC2DC /* Resources */ = {
			isa = PBXResourcesBuildPhase;
			buildActionMask = 2147483647;
			files = (
				765624D41FA6473F007EC2DC /* LaunchScreen.storyboard in Resources */,
				76B4399F1FA877B70038FE58 /* Main_iPad.storyboard in Resources */,
				765624D11FA6473F007EC2DC /* Assets.xcassets in Resources */,
				765624CF1FA6473F007EC2DC /* Main_iPhone.storyboard in Resources */,
			);
			runOnlyForDeploymentPostprocessing = 0;
		};
		765624D81FA6473F007EC2DC /* Resources */ = {
			isa = PBXResourcesBuildPhase;
			buildActionMask = 2147483647;
			files = (
			);
			runOnlyForDeploymentPostprocessing = 0;
		};
/* End PBXResourcesBuildPhase section */

/* Begin PBXSourcesBuildPhase section */
		765624C21FA6473F007EC2DC /* Sources */ = {
			isa = PBXSourcesBuildPhase;
			buildActionMask = 2147483647;
			files = (
				765624F51FA64958007EC2DC /* StudentViewModel.swift in Sources */,
				765624CC1FA6473F007EC2DC /* ViewController.swift in Sources */,
				765624F21FA648A4007EC2DC /* Student.swift in Sources */,
				765624FA1FA64CF4007EC2DC /* DataStoreProtocol.swift in Sources */,
				765624F81FA64B5E007EC2DC /* Extensions.swift in Sources */,
				765624CA1FA6473F007EC2DC /* AppDelegate.swift in Sources */,
				765624FC1FA64E7B007EC2DC /* StudentDataStore.swift in Sources */,
				76B439A41FA883930038FE58 /* TableViewController.swift in Sources */,
				76B439A21FA881C90038FE58 /* StudentTableViewCell.swift in Sources */,
			);
			runOnlyForDeploymentPostprocessing = 0;
		};
		765624D61FA6473F007EC2DC /* Sources */ = {
			isa = PBXSourcesBuildPhase;
			buildActionMask = 2147483647;
			files = (
				765624DF1FA6473F007EC2DC /* SectionedTableViewSampleTests.swift in Sources */,
			);
			runOnlyForDeploymentPostprocessing = 0;
		};
/* End PBXSourcesBuildPhase section */

/* Begin PBXTargetDependency section */
		765624DC1FA6473F007EC2DC /* PBXTargetDependency */ = {
			isa = PBXTargetDependency;
			target = 765624C51FA6473F007EC2DC /* SectionedTableViewSample */;
			targetProxy = 765624DB1FA6473F007EC2DC /* PBXContainerItemProxy */;
		};
/* End PBXTargetDependency section */

/* Begin PBXVariantGroup section */
		765624CD1FA6473F007EC2DC /* Main_iPhone.storyboard */ = {
			isa = PBXVariantGroup;
			children = (
				765624CE1FA6473F007EC2DC /* Base */,
			);
			name = Main_iPhone.storyboard;
			sourceTree = "<group>";
		};
		765624D21FA6473F007EC2DC /* LaunchScreen.storyboard */ = {
			isa = PBXVariantGroup;
			children = (
				765624D31FA6473F007EC2DC /* Base */,
			);
			name = LaunchScreen.storyboard;
			sourceTree = "<group>";
		};
		76B4399D1FA877B70038FE58 /* Main_iPad.storyboard */ = {
			isa = PBXVariantGroup;
			children = (
				76B4399E1FA877B70038FE58 /* Base */,
			);
			name = Main_iPad.storyboard;
			sourceTree = "<group>";
		};
/* End PBXVariantGroup section */

/* Begin XCBuildConfiguration section */
		765624E11FA6473F007EC2DC /* Debug */ = {
			isa = XCBuildConfiguration;
			buildSettings = {
				ALWAYS_SEARCH_USER_PATHS = NO;
				CLANG_ANALYZER_NONNULL = YES;
				CLANG_ANALYZER_NUMBER_OBJECT_CONVERSION = YES_AGGRESSIVE;
				CLANG_CXX_LANGUAGE_STANDARD = "gnu++0x";
				CLANG_CXX_LIBRARY = "libc++";
				CLANG_ENABLE_MODULES = YES;
				CLANG_ENABLE_OBJC_ARC = YES;
				CLANG_WARN_BOOL_CONVERSION = YES;
				CLANG_WARN_CONSTANT_CONVERSION = YES;
				CLANG_WARN_DIRECT_OBJC_ISA_USAGE = YES_ERROR;
				CLANG_WARN_DOCUMENTATION_COMMENTS = YES;
				CLANG_WARN_EMPTY_BODY = YES;
				CLANG_WARN_ENUM_CONVERSION = YES;
				CLANG_WARN_INFINITE_RECURSION = YES;
				CLANG_WARN_INT_CONVERSION = YES;
				CLANG_WARN_OBJC_ROOT_CLASS = YES_ERROR;
				CLANG_WARN_SUSPICIOUS_MOVE = YES;
				CLANG_WARN_UNREACHABLE_CODE = YES;
				CLANG_WARN__DUPLICATE_METHOD_MATCH = YES;
				"CODE_SIGN_IDENTITY[sdk=iphoneos*]" = "iPhone Developer";
				COPY_PHASE_STRIP = NO;
				DEBUG_INFORMATION_FORMAT = dwarf;
				ENABLE_STRICT_OBJC_MSGSEND = YES;
				ENABLE_TESTABILITY = YES;
				GCC_C_LANGUAGE_STANDARD = gnu99;
				GCC_DYNAMIC_NO_PIC = NO;
				GCC_NO_COMMON_BLOCKS = YES;
				GCC_OPTIMIZATION_LEVEL = 0;
				GCC_PREPROCESSOR_DEFINITIONS = (
					"DEBUG=1",
					"$(inherited)",
				);
				GCC_WARN_64_TO_32_BIT_CONVERSION = YES;
				GCC_WARN_ABOUT_RETURN_TYPE = YES_ERROR;
				GCC_WARN_UNDECLARED_SELECTOR = YES;
				GCC_WARN_UNINITIALIZED_AUTOS = YES_AGGRESSIVE;
				GCC_WARN_UNUSED_FUNCTION = YES;
				GCC_WARN_UNUSED_VARIABLE = YES;
				IPHONEOS_DEPLOYMENT_TARGET = 10.3;
				MTL_ENABLE_DEBUG_INFO = YES;
				ONLY_ACTIVE_ARCH = YES;
				SDKROOT = iphoneos;
				SWIFT_ACTIVE_COMPILATION_CONDITIONS = DEBUG;
				SWIFT_OPTIMIZATION_LEVEL = "-Onone";
				TARGETED_DEVICE_FAMILY = "1,2";
			};
			name = Debug;
		};
		765624E21FA6473F007EC2DC /* Release */ = {
			isa = XCBuildConfiguration;
			buildSettings = {
				ALWAYS_SEARCH_USER_PATHS = NO;
				CLANG_ANALYZER_NONNULL = YES;
				CLANG_ANALYZER_NUMBER_OBJECT_CONVERSION = YES_AGGRESSIVE;
				CLANG_CXX_LANGUAGE_STANDARD = "gnu++0x";
				CLANG_CXX_LIBRARY = "libc++";
				CLANG_ENABLE_MODULES = YES;
				CLANG_ENABLE_OBJC_ARC = YES;
				CLANG_WARN_BOOL_CONVERSION = YES;
				CLANG_WARN_CONSTANT_CONVERSION = YES;
				CLANG_WARN_DIRECT_OBJC_ISA_USAGE = YES_ERROR;
				CLANG_WARN_DOCUMENTATION_COMMENTS = YES;
				CLANG_WARN_EMPTY_BODY = YES;
				CLANG_WARN_ENUM_CONVERSION = YES;
				CLANG_WARN_INFINITE_RECURSION = YES;
				CLANG_WARN_INT_CONVERSION = YES;
				CLANG_WARN_OBJC_ROOT_CLASS = YES_ERROR;
				CLANG_WARN_SUSPICIOUS_MOVE = YES;
				CLANG_WARN_UNREACHABLE_CODE = YES;
				CLANG_WARN__DUPLICATE_METHOD_MATCH = YES;
				"CODE_SIGN_IDENTITY[sdk=iphoneos*]" = "iPhone Developer";
				COPY_PHASE_STRIP = NO;
				DEBUG_INFORMATION_FORMAT = "dwarf-with-dsym";
				ENABLE_NS_ASSERTIONS = NO;
				ENABLE_STRICT_OBJC_MSGSEND = YES;
				GCC_C_LANGUAGE_STANDARD = gnu99;
				GCC_NO_COMMON_BLOCKS = YES;
				GCC_WARN_64_TO_32_BIT_CONVERSION = YES;
				GCC_WARN_ABOUT_RETURN_TYPE = YES_ERROR;
				GCC_WARN_UNDECLARED_SELECTOR = YES;
				GCC_WARN_UNINITIALIZED_AUTOS = YES_AGGRESSIVE;
				GCC_WARN_UNUSED_FUNCTION = YES;
				GCC_WARN_UNUSED_VARIABLE = YES;
				IPHONEOS_DEPLOYMENT_TARGET = 10.3;
				MTL_ENABLE_DEBUG_INFO = NO;
				SDKROOT = iphoneos;
				SWIFT_OPTIMIZATION_LEVEL = "-Owholemodule";
				TARGETED_DEVICE_FAMILY = "1,2";
				VALIDATE_PRODUCT = YES;
			};
			name = Release;
		};
		765624E41FA6473F007EC2DC /* Debug */ = {
			isa = XCBuildConfiguration;
			buildSettings = {
				ASSETCATALOG_COMPILER_APPICON_NAME = AppIcon;
				DEVELOPMENT_TEAM = 6UT7M6DT43;
				INFOPLIST_FILE = SectionedTableViewSample/Info.plist;
				LD_RUNPATH_SEARCH_PATHS = "$(inherited) @executable_path/Frameworks";
				PRODUCT_BUNDLE_IDENTIFIER = com.anoop.SectionedTableViewSample;
				PRODUCT_NAME = "$(TARGET_NAME)";
				SWIFT_VERSION = 3.0;
				TARGETED_DEVICE_FAMILY = "1,2";
			};
			name = Debug;
		};
		765624E51FA6473F007EC2DC /* Release */ = {
			isa = XCBuildConfiguration;
			buildSettings = {
				ASSETCATALOG_COMPILER_APPICON_NAME = AppIcon;
				DEVELOPMENT_TEAM = 6UT7M6DT43;
				INFOPLIST_FILE = SectionedTableViewSample/Info.plist;
				LD_RUNPATH_SEARCH_PATHS = "$(inherited) @executable_path/Frameworks";
				PRODUCT_BUNDLE_IDENTIFIER = com.anoop.SectionedTableViewSample;
				PRODUCT_NAME = "$(TARGET_NAME)";
				SWIFT_VERSION = 3.0;
				TARGETED_DEVICE_FAMILY = "1,2";
			};
			name = Release;
		};
		765624E71FA6473F007EC2DC /* Debug */ = {
			isa = XCBuildConfiguration;
			buildSettings = {
				ALWAYS_EMBED_SWIFT_STANDARD_LIBRARIES = YES;
				BUNDLE_LOADER = "$(TEST_HOST)";
				DEVELOPMENT_TEAM = 6UT7M6DT43;
				INFOPLIST_FILE = SectionedTableViewSampleTests/Info.plist;
				LD_RUNPATH_SEARCH_PATHS = "$(inherited) @executable_path/Frameworks @loader_path/Frameworks";
				PRODUCT_BUNDLE_IDENTIFIER = com.anoop.SectionedTableViewSampleTests;
				PRODUCT_NAME = "$(TARGET_NAME)";
				SWIFT_VERSION = 3.0;
				TEST_HOST = "$(BUILT_PRODUCTS_DIR)/SectionedTableViewSample.app/SectionedTableViewSample";
			};
			name = Debug;
		};
		765624E81FA6473F007EC2DC /* Release */ = {
			isa = XCBuildConfiguration;
			buildSettings = {
				ALWAYS_EMBED_SWIFT_STANDARD_LIBRARIES = YES;
				BUNDLE_LOADER = "$(TEST_HOST)";
				DEVELOPMENT_TEAM = 6UT7M6DT43;
				INFOPLIST_FILE = SectionedTableViewSampleTests/Info.plist;
				LD_RUNPATH_SEARCH_PATHS = "$(inherited) @executable_path/Frameworks @loader_path/Frameworks";
				PRODUCT_BUNDLE_IDENTIFIER = com.anoop.SectionedTableViewSampleTests;
				PRODUCT_NAME = "$(TARGET_NAME)";
				SWIFT_VERSION = 3.0;
				TEST_HOST = "$(BUILT_PRODUCTS_DIR)/SectionedTableViewSample.app/SectionedTableViewSample";
			};
			name = Release;
		};
/* End XCBuildConfiguration section */

/* Begin XCConfigurationList section */
		765624C11FA6473F007EC2DC /* Build configuration list for PBXProject "SectionedTableViewSample" */ = {
			isa = XCConfigurationList;
			buildConfigurations = (
				765624E11FA6473F007EC2DC /* Debug */,
				765624E21FA6473F007EC2DC /* Release */,
			);
			defaultConfigurationIsVisible = 0;
			defaultConfigurationName = Release;
		};
		765624E31FA6473F007EC2DC /* Build configuration list for PBXNativeTarget "SectionedTableViewSample" */ = {
			isa = XCConfigurationList;
			buildConfigurations = (
				765624E41FA6473F007EC2DC /* Debug */,
				765624E51FA6473F007EC2DC /* Release */,
			);
			defaultConfigurationIsVisible = 0;
			defaultConfigurationName = Release;
		};
		765624E61FA6473F007EC2DC /* Build configuration list for PBXNativeTarget "SectionedTableViewSampleTests" */ = {
			isa = XCConfigurationList;
			buildConfigurations = (
				765624E71FA6473F007EC2DC /* Debug */,
				765624E81FA6473F007EC2DC /* Release */,
			);
			defaultConfigurationIsVisible = 0;
			defaultConfigurationName = Release;
		};
/* End XCConfigurationList section */
	};
	rootObject = 765624BE1FA6473F007EC2DC /* Project object */;
}
